
Microsoft Visual Studio Solution File, Format Version 12.00
# Visual Studio Version 17
VisualStudioVersion = 17.13.35931.197 d17.13
MinimumVisualStudioVersion = 10.0.40219.1
Project("{FAE04EC0-301F-11D3-BF4B-00C04F79EFBC}") = "Netflix.WebAPI", "Netflix.WebAPI\Netflix.WebAPI.csproj", "{FBC7AAA1-47D1-4E05-B68F-A3EAF07BF624}"
EndProject
Project("{FAE04EC0-301F-11D3-BF4B-00C04F79EFBC}") = "Netflix.Business", "Netflix.Business\Netflix.Business.csproj", "{8C1957DB-6303-47EE-B9D1-F6B53040C2EA}"
EndProject
Project("{FAE04EC0-301F-11D3-BF4B-00C04F79EFBC}") = "Netflix.DataAccess", "Netflix.DataAccess\Netflix.DataAccess.csproj", "{BFE47594-A9A0-4A38-8F71-B0245C41C40C}"
EndProject
Project("{FAE04EC0-301F-11D3-BF4B-00C04F79EFBC}") = "Netflix.Entities", "Netflix.Entities\Netflix.Entities.csproj", "{30D463A1-ED42-4679-B427-E59D40C33C0F}"
EndProject
Global
	GlobalSection(SolutionConfigurationPlatforms) = preSolution
		Debug|Any CPU = Debug|Any CPU
		Release|Any CPU = Release|Any CPU
	EndGlobalSection
	GlobalSection(ProjectConfigurationPlatforms) = postSolution
		{FBC7AAA1-47D1-4E05-B68F-A3EAF07BF624}.Debug|Any CPU.ActiveCfg = Debug|Any CPU
		{FBC7AAA1-47D1-4E05-B68F-A3EAF07BF624}.Debug|Any CPU.Build.0 = Debug|Any CPU
		{FBC7AAA1-47D1-4E05-B68F-A3EAF07BF624}.Release|Any CPU.ActiveCfg = Release|Any CPU
		{FBC7AAA1-47D1-4E05-B68F-A3EAF07BF624}.Release|Any CPU.Build.0 = Release|Any CPU
		{8C1957DB-6303-47EE-B9D1-F6B53040C2EA}.Debug|Any CPU.ActiveCfg = Debug|Any CPU
		{8C1957DB-6303-47EE-B9D1-F6B53040C2EA}.Debug|Any CPU.Build.0 = Debug|Any CPU
		{8C1957DB-6303-47EE-B9D1-F6B53040C2EA}.Release|Any CPU.ActiveCfg = Release|Any CPU
		{8C1957DB-6303-47EE-B9D1-F6B53040C2EA}.Release|Any CPU.Build.0 = Release|Any CPU
		{BFE47594-A9A0-4A38-8F71-B0245C41C40C}.Debug|Any CPU.ActiveCfg = Debug|Any CPU
		{BFE47594-A9A0-4A38-8F71-B0245C41C40C}.Debug|Any CPU.Build.0 = Debug|Any CPU
		{BFE47594-A9A0-4A38-8F71-B0245C41C40C}.Release|Any CPU.ActiveCfg = Release|Any CPU
		{BFE47594-A9A0-4A38-8F71-B0245C41C40C}.Release|Any CPU.Build.0 = Release|Any CPU
		{30D463A1-ED42-4679-B427-E59D40C33C0F}.Debug|Any CPU.ActiveCfg = Debug|Any CPU
		{30D463A1-ED42-4679-B427-E59D40C33C0F}.Debug|Any CPU.Build.0 = Debug|Any CPU
		{30D463A1-ED42-4679-B427-E59D40C33C0F}.Release|Any CPU.ActiveCfg = Release|Any CPU
		{30D463A1-ED42-4679-B427-E59D40C33C0F}.Release|Any CPU.Build.0 = Release|Any CPU
	EndGlobalSection
	GlobalSection(SolutionProperties) = preSolution
		HideSolutionNode = FALSE
	EndGlobalSection
	GlobalSection(ExtensibilityGlobals) = postSolution
		SolutionGuid = {38D31F14-89FD-4F0B-AB8C-60E83F76A134}
	EndGlobalSection
EndGlobal
